
Microsoft Visual Studio Solution File, Format Version 12.00
# Visual Studio Version 17
VisualStudioVersion = 17.7.34031.279
MinimumVisualStudioVersion = 10.0.40219.1
Project("{8BC9CEB8-8B4A-11D0-8D11-00A0C91BC942}") = "ToaC", "ToaC\ToaC.vcxproj", "{82D198A5-D0F7-4FD9-B23D-542B43CD65C5}"
EndProject
Project("{8BC9CEB8-8B4A-11D0-8D11-00A0C91BC942}") = "C", "C\C.vcxproj", "{417272DE-C7A4-479D-919D-F9F0DCC6D462}"
EndProject
Global
	GlobalSection(SolutionConfigurationPlatforms) = preSolution
		Debug|x64 = Debug|x64
		Debug|x86 = Debug|x86
		Release|x64 = Release|x64
		Release|x86 = Release|x86
	EndGlobalSection
	GlobalSection(ProjectConfigurationPlatforms) = postSolution
		{82D198A5-D0F7-4FD9-B23D-542B43CD65C5}.Debug|x64.ActiveCfg = Debug|x64
		{82D198A5-D0F7-4FD9-B23D-542B43CD65C5}.Debug|x64.Build.0 = Debug|x64
		{82D198A5-D0F7-4FD9-B23D-542B43CD65C5}.Debug|x86.ActiveCfg = Debug|Win32
		{82D198A5-D0F7-4FD9-B23D-542B43CD65C5}.Debug|x86.Build.0 = Debug|Win32
		{82D198A5-D0F7-4FD9-B23D-542B43CD65C5}.Release|x64.ActiveCfg = Release|x64
		{82D198A5-D0F7-4FD9-B23D-542B43CD65C5}.Release|x64.Build.0 = Release|x64
		{82D198A5-D0F7-4FD9-B23D-542B43CD65C5}.Release|x86.ActiveCfg = Release|Win32
		{82D198A5-D0F7-4FD9-B23D-542B43CD65C5}.Release|x86.Build.0 = Release|Win32
		{417272DE-C7A4-479D-919D-F9F0DCC6D462}.Debug|x64.ActiveCfg = Debug|x64
		{417272DE-C7A4-479D-919D-F9F0DCC6D462}.Debug|x64.Build.0 = Debug|x64
		{417272DE-C7A4-479D-919D-F9F0DCC6D462}.Debug|x86.ActiveCfg = Debug|Win32
		{417272DE-C7A4-479D-919D-F9F0DCC6D462}.Debug|x86.Build.0 = Debug|Win32
		{417272DE-C7A4-479D-919D-F9F0DCC6D462}.Release|x64.ActiveCfg = Release|x64
		{417272DE-C7A4-479D-919D-F9F0DCC6D462}.Release|x64.Build.0 = Release|x64
		{417272DE-C7A4-479D-919D-F9F0DCC6D462}.Release|x86.ActiveCfg = Release|Win32
		{417272DE-C7A4-479D-919D-F9F0DCC6D462}.Release|x86.Build.0 = Release|Win32
	EndGlobalSection
	GlobalSection(SolutionProperties) = preSolution
		HideSolutionNode = FALSE
	EndGlobalSection
	GlobalSection(ExtensibilityGlobals) = postSolution
		SolutionGuid = {8AE288C1-F09B-4150-837D-ADCDED3BCB94}
	EndGlobalSection
EndGlobal
